
Microsoft Visual Studio Solution File, Format Version 12.00
# Visual Studio Version 17
VisualStudioVersion = 17.9.34616.47
MinimumVisualStudioVersion = 10.0.40219.1
Project("{8BC9CEB8-8B4A-11D0-8D11-00A0C91BC942}") = "Pertemuan2", "Pertemuan2\Pertemuan2.vcxproj", "{C8C20628-5745-40F8-BE47-51DC546782A4}"
EndProject
Project("{8BC9CEB8-8B4A-11D0-8D11-00A0C91BC942}") = "pertemuan2lagi", "pertemuan2lagi\pertemuan2lagi.vcxproj", "{A5E9DEF8-F575-4365-BC7D-DDBC3CADD3F4}"
EndProject
Project("{8BC9CEB8-8B4A-11D0-8D11-00A0C91BC942}") = "menentukan genap ganjil", "pertemuan2lagilagi\pertemuan2lagilagi.vcxproj", "{FC595655-0914-47F0-ACC9-06E8C09C9FDD}"
EndProject
Project("{8BC9CEB8-8B4A-11D0-8D11-00A0C91BC942}") = "Nilai MTK dan Nilai Fisika", "Nilai MTK dan Nilai Fisika\Nilai MTK dan Nilai Fisika.vcxproj", "{8E7AC775-F42E-4320-A6F6-0F6C5A3DD539}"
EndProject
Global
	GlobalSection(SolutionConfigurationPlatforms) = preSolution
		Debug|x64 = Debug|x64
		Debug|x86 = Debug|x86
		Release|x64 = Release|x64
		Release|x86 = Release|x86
	EndGlobalSection
	GlobalSection(ProjectConfigurationPlatforms) = postSolution
		{C8C20628-5745-40F8-BE47-51DC546782A4}.Debug|x64.ActiveCfg = Debug|x64
		{C8C20628-5745-40F8-BE47-51DC546782A4}.Debug|x64.Build.0 = Debug|x64
		{C8C20628-5745-40F8-BE47-51DC546782A4}.Debug|x86.ActiveCfg = Debug|Win32
		{C8C20628-5745-40F8-BE47-51DC546782A4}.Debug|x86.Build.0 = Debug|Win32
		{C8C20628-5745-40F8-BE47-51DC546782A4}.Release|x64.ActiveCfg = Release|x64
		{C8C20628-5745-40F8-BE47-51DC546782A4}.Release|x64.Build.0 = Release|x64
		{C8C20628-5745-40F8-BE47-51DC546782A4}.Release|x86.ActiveCfg = Release|Win32
		{C8C20628-5745-40F8-BE47-51DC546782A4}.Release|x86.Build.0 = Release|Win32
		{A5E9DEF8-F575-4365-BC7D-DDBC3CADD3F4}.Debug|x64.ActiveCfg = Debug|x64
		{A5E9DEF8-F575-4365-BC7D-DDBC3CADD3F4}.Debug|x64.Build.0 = Debug|x64
		{A5E9DEF8-F575-4365-BC7D-DDBC3CADD3F4}.Debug|x86.ActiveCfg = Debug|Win32
		{A5E9DEF8-F575-4365-BC7D-DDBC3CADD3F4}.Debug|x86.Build.0 = Debug|Win32
		{A5E9DEF8-F575-4365-BC7D-DDBC3CADD3F4}.Release|x64.ActiveCfg = Release|x64
		{A5E9DEF8-F575-4365-BC7D-DDBC3CADD3F4}.Release|x64.Build.0 = Release|x64
		{A5E9DEF8-F575-4365-BC7D-DDBC3CADD3F4}.Release|x86.ActiveCfg = Release|Win32
		{A5E9DEF8-F575-4365-BC7D-DDBC3CADD3F4}.Release|x86.Build.0 = Release|Win32
		{FC595655-0914-47F0-ACC9-06E8C09C9FDD}.Debug|x64.ActiveCfg = Debug|x64
		{FC595655-0914-47F0-ACC9-06E8C09C9FDD}.Debug|x64.Build.0 = Debug|x64
		{FC595655-0914-47F0-ACC9-06E8C09C9FDD}.Debug|x86.ActiveCfg = Debug|Win32
		{FC595655-0914-47F0-ACC9-06E8C09C9FDD}.Debug|x86.Build.0 = Debug|Win32
		{FC595655-0914-47F0-ACC9-06E8C09C9FDD}.Release|x64.ActiveCfg = Release|x64
		{FC595655-0914-47F0-ACC9-06E8C09C9FDD}.Release|x64.Build.0 = Release|x64
		{FC595655-0914-47F0-ACC9-06E8C09C9FDD}.Release|x86.ActiveCfg = Release|Win32
		{FC595655-0914-47F0-ACC9-06E8C09C9FDD}.Release|x86.Build.0 = Release|Win32
		{8E7AC775-F42E-4320-A6F6-0F6C5A3DD539}.Debug|x64.ActiveCfg = Debug|x64
		{8E7AC775-F42E-4320-A6F6-0F6C5A3DD539}.Debug|x64.Build.0 = Debug|x64
		{8E7AC775-F42E-4320-A6F6-0F6C5A3DD539}.Debug|x86.ActiveCfg = Debug|Win32
		{8E7AC775-F42E-4320-A6F6-0F6C5A3DD539}.Debug|x86.Build.0 = Debug|Win32
		{8E7AC775-F42E-4320-A6F6-0F6C5A3DD539}.Release|x64.ActiveCfg = Release|x64
		{8E7AC775-F42E-4320-A6F6-0F6C5A3DD539}.Release|x64.Build.0 = Release|x64
		{8E7AC775-F42E-4320-A6F6-0F6C5A3DD539}.Release|x86.ActiveCfg = Release|Win32
		{8E7AC775-F42E-4320-A6F6-0F6C5A3DD539}.Release|x86.Build.0 = Release|Win32
	EndGlobalSection
	GlobalSection(SolutionProperties) = preSolution
		HideSolutionNode = FALSE
	EndGlobalSection
	GlobalSection(ExtensibilityGlobals) = postSolution
		SolutionGuid = {6692CDFD-274E-4398-8174-E8D1AE73EB0E}
	EndGlobalSection
EndGlobal
